
Microsoft Visual Studio Solution File, Format Version 12.00
# Visual Studio 14
VisualStudioVersion = 14.0.24720.0
MinimumVisualStudioVersion = 10.0.40219.1
Project("{FAE04EC0-301F-11D3-BF4B-00C04F79EFBC}") = "testingApplication1", "testingApplication1\testingApplication1.csproj", "{FEC11E4F-30F1-4390-8B73-71DDC7A5592B}"
EndProject
Project("{FAE04EC0-301F-11D3-BF4B-00C04F79EFBC}") = "Demo01_t4", "Demo01_t4\Demo01_t4.csproj", "{871CFC6B-1FC3-401B-87CA-F24223B88840}"
EndProject
Project("{FAE04EC0-301F-11D3-BF4B-00C04F79EFBC}") = "Demo1_t8", "Demo1_t5\Demo1_t8.csproj", "{1E8B3ECD-BBAB-438C-826C-A40903D4673B}"
EndProject
Project("{FAE04EC0-301F-11D3-BF4B-00C04F79EFBC}") = "demo1_teht5", "demo1_teht5\demo1_teht5.csproj", "{B610CFA9-4F4C-40A8-A19B-6898A62EEA7C}"
EndProject
Project("{FAE04EC0-301F-11D3-BF4B-00C04F79EFBC}") = "demo1_t10", "demo1_t10\demo1_t10.csproj", "{CFE317C7-FF60-4FE7-A85B-03C6D4E6D905}"
EndProject
Global
	GlobalSection(SolutionConfigurationPlatforms) = preSolution
		Debug|Any CPU = Debug|Any CPU
		Release|Any CPU = Release|Any CPU
	EndGlobalSection
	GlobalSection(ProjectConfigurationPlatforms) = postSolution
		{FEC11E4F-30F1-4390-8B73-71DDC7A5592B}.Debug|Any CPU.ActiveCfg = Debug|Any CPU
		{FEC11E4F-30F1-4390-8B73-71DDC7A5592B}.Debug|Any CPU.Build.0 = Debug|Any CPU
		{FEC11E4F-30F1-4390-8B73-71DDC7A5592B}.Release|Any CPU.ActiveCfg = Release|Any CPU
		{FEC11E4F-30F1-4390-8B73-71DDC7A5592B}.Release|Any CPU.Build.0 = Release|Any CPU
		{871CFC6B-1FC3-401B-87CA-F24223B88840}.Debug|Any CPU.ActiveCfg = Debug|Any CPU
		{871CFC6B-1FC3-401B-87CA-F24223B88840}.Debug|Any CPU.Build.0 = Debug|Any CPU
		{871CFC6B-1FC3-401B-87CA-F24223B88840}.Release|Any CPU.ActiveCfg = Release|Any CPU
		{871CFC6B-1FC3-401B-87CA-F24223B88840}.Release|Any CPU.Build.0 = Release|Any CPU
		{1E8B3ECD-BBAB-438C-826C-A40903D4673B}.Debug|Any CPU.ActiveCfg = Debug|Any CPU
		{1E8B3ECD-BBAB-438C-826C-A40903D4673B}.Debug|Any CPU.Build.0 = Debug|Any CPU
		{1E8B3ECD-BBAB-438C-826C-A40903D4673B}.Release|Any CPU.ActiveCfg = Release|Any CPU
		{1E8B3ECD-BBAB-438C-826C-A40903D4673B}.Release|Any CPU.Build.0 = Release|Any CPU
		{B610CFA9-4F4C-40A8-A19B-6898A62EEA7C}.Debug|Any CPU.ActiveCfg = Debug|Any CPU
		{B610CFA9-4F4C-40A8-A19B-6898A62EEA7C}.Debug|Any CPU.Build.0 = Debug|Any CPU
		{B610CFA9-4F4C-40A8-A19B-6898A62EEA7C}.Release|Any CPU.ActiveCfg = Release|Any CPU
		{B610CFA9-4F4C-40A8-A19B-6898A62EEA7C}.Release|Any CPU.Build.0 = Release|Any CPU
		{CFE317C7-FF60-4FE7-A85B-03C6D4E6D905}.Debug|Any CPU.ActiveCfg = Debug|Any CPU
		{CFE317C7-FF60-4FE7-A85B-03C6D4E6D905}.Debug|Any CPU.Build.0 = Debug|Any CPU
		{CFE317C7-FF60-4FE7-A85B-03C6D4E6D905}.Release|Any CPU.ActiveCfg = Release|Any CPU
		{CFE317C7-FF60-4FE7-A85B-03C6D4E6D905}.Release|Any CPU.Build.0 = Release|Any CPU
	EndGlobalSection
	GlobalSection(SolutionProperties) = preSolution
		HideSolutionNode = FALSE
	EndGlobalSection
EndGlobal
